
Microsoft Visual Studio Solution File, Format Version 12.00
# Visual Studio Version 17
VisualStudioVersion = 17.5.33414.496
MinimumVisualStudioVersion = 10.0.40219.1
Project("{FAE04EC0-301F-11D3-BF4B-00C04F79EFBC}") = "SynthesiaKeyboardLights.Desktop", "SynthesiaKeyboardLights.Desktop\SynthesiaKeyboardLights.Desktop.csproj", "{A992FBA6-B464-4FD7-A3DC-E0B7CCD45213}"
EndProject
Global
	GlobalSection(SolutionConfigurationPlatforms) = preSolution
		Debug|Any CPU = Debug|Any CPU
		Release|Any CPU = Release|Any CPU
	EndGlobalSection
	GlobalSection(ProjectConfigurationPlatforms) = postSolution
		{A992FBA6-B464-4FD7-A3DC-E0B7CCD45213}.Debug|Any CPU.ActiveCfg = Debug|Any CPU
		{A992FBA6-B464-4FD7-A3DC-E0B7CCD45213}.Debug|Any CPU.Build.0 = Debug|Any CPU
		{A992FBA6-B464-4FD7-A3DC-E0B7CCD45213}.Release|Any CPU.ActiveCfg = Release|Any CPU
		{A992FBA6-B464-4FD7-A3DC-E0B7CCD45213}.Release|Any CPU.Build.0 = Release|Any CPU
	EndGlobalSection
	GlobalSection(SolutionProperties) = preSolution
		HideSolutionNode = FALSE
	EndGlobalSection
	GlobalSection(ExtensibilityGlobals) = postSolution
		SolutionGuid = {7C0895EA-320F-4BB4-8F48-F5F0BBE3F04E}
	EndGlobalSection
EndGlobal
